
Microsoft Visual Studio Solution File, Format Version 12.00
# Visual Studio Version 17
VisualStudioVersion = 17.0.31903.59
MinimumVisualStudioVersion = 10.0.40219.1
Project("{2150E333-8FDC-42A3-9474-1A3956D46DE8}") = "vendor", "vendor", "{3EFB08DA-2EA9-FE77-18DF-C4D4293AFD9C}"
EndProject
Project("{2150E333-8FDC-42A3-9474-1A3956D46DE8}") = "UtilityAi", "UtilityAi", "{5F663781-57F8-5D84-A6C3-6853A074C035}"
EndProject
Project("{2150E333-8FDC-42A3-9474-1A3956D46DE8}") = "src", "src", "{1BD2EE18-9CF9-9E4C-6771-63570A289538}"
EndProject
Project("{FAE04EC0-301F-11D3-BF4B-00C04F79EFBC}") = "UtilityAi", "vendor\UtilityAi\src\UtilityAi\UtilityAi.csproj", "{BD5AC949-8BFC-463A-B246-6D4CB1D15B55}"
EndProject
Project("{2150E333-8FDC-42A3-9474-1A3956D46DE8}") = "src", "src", "{827E0CD3-B72D-47B6-A68D-7590B98EB39B}"
EndProject
Project("{FAE04EC0-301F-11D3-BF4B-00C04F79EFBC}") = "UtilityAi.Nexus.Abstractions", "src\UtilityAi.Nexus.Abstractions\UtilityAi.Nexus.Abstractions.csproj", "{15DF7C57-54A4-4A45-B3AF-63DF6FB74D65}"
EndProject
Project("{FAE04EC0-301F-11D3-BF4B-00C04F79EFBC}") = "UtilityAi.Nexus.Runtime", "src\UtilityAi.Nexus.Runtime\UtilityAi.Nexus.Runtime.csproj", "{2ED1EA86-C4FC-4179-B36C-5831CC67A090}"
EndProject
Project("{FAE04EC0-301F-11D3-BF4B-00C04F79EFBC}") = "UtilityAi.Nexus.PluginSdk", "src\UtilityAi.Nexus.PluginSdk\UtilityAi.Nexus.PluginSdk.csproj", "{22DB6ACB-D51C-4729-8E22-95E301115927}"
EndProject
Project("{FAE04EC0-301F-11D3-BF4B-00C04F79EFBC}") = "UtilityAi.Nexus.PluginHost", "src\UtilityAi.Nexus.PluginHost\UtilityAi.Nexus.PluginHost.csproj", "{A914117A-6F17-453A-A4F0-F0977CC0AAE4}"
EndProject
Project("{FAE04EC0-301F-11D3-BF4B-00C04F79EFBC}") = "UtilityAi.Nexus.Hitl", "src\UtilityAi.Nexus.Hitl\UtilityAi.Nexus.Hitl.csproj", "{203B933F-29C8-49B2-B742-A942EF50C185}"
EndProject
Project("{2150E333-8FDC-42A3-9474-1A3956D46DE8}") = "samples", "samples", "{5D20AA90-6969-D8BD-9DCD-8634F4692FDA}"
EndProject
Project("{FAE04EC0-301F-11D3-BF4B-00C04F79EFBC}") = "Nexus.SampleHost", "samples\Nexus.SampleHost\Nexus.SampleHost.csproj", "{F797CDD4-868B-4AD2-9E4D-561603DAAA2D}"
EndProject
Project("{FAE04EC0-301F-11D3-BF4B-00C04F79EFBC}") = "Nexus.SamplePlugin.Basic", "samples\Nexus.SamplePlugin.Basic\Nexus.SamplePlugin.Basic.csproj", "{1F4C5FD6-443A-4512-B534-45054BD438C9}"
EndProject
Project("{2150E333-8FDC-42A3-9474-1A3956D46DE8}") = "tests", "tests", "{0AB3BF05-4346-4AA6-1389-037BE0695223}"
EndProject
Project("{FAE04EC0-301F-11D3-BF4B-00C04F79EFBC}") = "UtilityAi.Nexus.Tests", "tests\UtilityAi.Nexus.Tests\UtilityAi.Nexus.Tests.csproj", "{A8DF1B03-6504-4603-ACD4-AC49242E912A}"
EndProject
Global
	GlobalSection(SolutionConfigurationPlatforms) = preSolution
		Debug|Any CPU = Debug|Any CPU
		Debug|x64 = Debug|x64
		Debug|x86 = Debug|x86
		Release|Any CPU = Release|Any CPU
		Release|x64 = Release|x64
		Release|x86 = Release|x86
	EndGlobalSection
	GlobalSection(ProjectConfigurationPlatforms) = postSolution
		{BD5AC949-8BFC-463A-B246-6D4CB1D15B55}.Debug|Any CPU.ActiveCfg = Debug|Any CPU
		{BD5AC949-8BFC-463A-B246-6D4CB1D15B55}.Debug|Any CPU.Build.0 = Debug|Any CPU
		{BD5AC949-8BFC-463A-B246-6D4CB1D15B55}.Debug|x64.ActiveCfg = Debug|Any CPU
		{BD5AC949-8BFC-463A-B246-6D4CB1D15B55}.Debug|x64.Build.0 = Debug|Any CPU
		{BD5AC949-8BFC-463A-B246-6D4CB1D15B55}.Debug|x86.ActiveCfg = Debug|Any CPU
		{BD5AC949-8BFC-463A-B246-6D4CB1D15B55}.Debug|x86.Build.0 = Debug|Any CPU
		{BD5AC949-8BFC-463A-B246-6D4CB1D15B55}.Release|Any CPU.ActiveCfg = Release|Any CPU
		{BD5AC949-8BFC-463A-B246-6D4CB1D15B55}.Release|Any CPU.Build.0 = Release|Any CPU
		{BD5AC949-8BFC-463A-B246-6D4CB1D15B55}.Release|x64.ActiveCfg = Release|Any CPU
		{BD5AC949-8BFC-463A-B246-6D4CB1D15B55}.Release|x64.Build.0 = Release|Any CPU
		{BD5AC949-8BFC-463A-B246-6D4CB1D15B55}.Release|x86.ActiveCfg = Release|Any CPU
		{BD5AC949-8BFC-463A-B246-6D4CB1D15B55}.Release|x86.Build.0 = Release|Any CPU
		{15DF7C57-54A4-4A45-B3AF-63DF6FB74D65}.Debug|Any CPU.ActiveCfg = Debug|Any CPU
		{15DF7C57-54A4-4A45-B3AF-63DF6FB74D65}.Debug|Any CPU.Build.0 = Debug|Any CPU
		{15DF7C57-54A4-4A45-B3AF-63DF6FB74D65}.Debug|x64.ActiveCfg = Debug|Any CPU
		{15DF7C57-54A4-4A45-B3AF-63DF6FB74D65}.Debug|x64.Build.0 = Debug|Any CPU
		{15DF7C57-54A4-4A45-B3AF-63DF6FB74D65}.Debug|x86.ActiveCfg = Debug|Any CPU
		{15DF7C57-54A4-4A45-B3AF-63DF6FB74D65}.Debug|x86.Build.0 = Debug|Any CPU
		{15DF7C57-54A4-4A45-B3AF-63DF6FB74D65}.Release|Any CPU.ActiveCfg = Release|Any CPU
		{15DF7C57-54A4-4A45-B3AF-63DF6FB74D65}.Release|Any CPU.Build.0 = Release|Any CPU
		{15DF7C57-54A4-4A45-B3AF-63DF6FB74D65}.Release|x64.ActiveCfg = Release|Any CPU
		{15DF7C57-54A4-4A45-B3AF-63DF6FB74D65}.Release|x64.Build.0 = Release|Any CPU
		{15DF7C57-54A4-4A45-B3AF-63DF6FB74D65}.Release|x86.ActiveCfg = Release|Any CPU
		{15DF7C57-54A4-4A45-B3AF-63DF6FB74D65}.Release|x86.Build.0 = Release|Any CPU
		{2ED1EA86-C4FC-4179-B36C-5831CC67A090}.Debug|Any CPU.ActiveCfg = Debug|Any CPU
		{2ED1EA86-C4FC-4179-B36C-5831CC67A090}.Debug|Any CPU.Build.0 = Debug|Any CPU
		{2ED1EA86-C4FC-4179-B36C-5831CC67A090}.Debug|x64.ActiveCfg = Debug|Any CPU
		{2ED1EA86-C4FC-4179-B36C-5831CC67A090}.Debug|x64.Build.0 = Debug|Any CPU
		{2ED1EA86-C4FC-4179-B36C-5831CC67A090}.Debug|x86.ActiveCfg = Debug|Any CPU
		{2ED1EA86-C4FC-4179-B36C-5831CC67A090}.Debug|x86.Build.0 = Debug|Any CPU
		{2ED1EA86-C4FC-4179-B36C-5831CC67A090}.Release|Any CPU.ActiveCfg = Release|Any CPU
		{2ED1EA86-C4FC-4179-B36C-5831CC67A090}.Release|Any CPU.Build.0 = Release|Any CPU
		{2ED1EA86-C4FC-4179-B36C-5831CC67A090}.Release|x64.ActiveCfg = Release|Any CPU
		{2ED1EA86-C4FC-4179-B36C-5831CC67A090}.Release|x64.Build.0 = Release|Any CPU
		{2ED1EA86-C4FC-4179-B36C-5831CC67A090}.Release|x86.ActiveCfg = Release|Any CPU
		{2ED1EA86-C4FC-4179-B36C-5831CC67A090}.Release|x86.Build.0 = Release|Any CPU
		{22DB6ACB-D51C-4729-8E22-95E301115927}.Debug|Any CPU.ActiveCfg = Debug|Any CPU
		{22DB6ACB-D51C-4729-8E22-95E301115927}.Debug|Any CPU.Build.0 = Debug|Any CPU
		{22DB6ACB-D51C-4729-8E22-95E301115927}.Debug|x64.ActiveCfg = Debug|Any CPU
		{22DB6ACB-D51C-4729-8E22-95E301115927}.Debug|x64.Build.0 = Debug|Any CPU
		{22DB6ACB-D51C-4729-8E22-95E301115927}.Debug|x86.ActiveCfg = Debug|Any CPU
		{22DB6ACB-D51C-4729-8E22-95E301115927}.Debug|x86.Build.0 = Debug|Any CPU
		{22DB6ACB-D51C-4729-8E22-95E301115927}.Release|Any CPU.ActiveCfg = Release|Any CPU
		{22DB6ACB-D51C-4729-8E22-95E301115927}.Release|Any CPU.Build.0 = Release|Any CPU
		{22DB6ACB-D51C-4729-8E22-95E301115927}.Release|x64.ActiveCfg = Release|Any CPU
		{22DB6ACB-D51C-4729-8E22-95E301115927}.Release|x64.Build.0 = Release|Any CPU
		{22DB6ACB-D51C-4729-8E22-95E301115927}.Release|x86.ActiveCfg = Release|Any CPU
		{22DB6ACB-D51C-4729-8E22-95E301115927}.Release|x86.Build.0 = Release|Any CPU
		{A914117A-6F17-453A-A4F0-F0977CC0AAE4}.Debug|Any CPU.ActiveCfg = Debug|Any CPU
		{A914117A-6F17-453A-A4F0-F0977CC0AAE4}.Debug|Any CPU.Build.0 = Debug|Any CPU
		{A914117A-6F17-453A-A4F0-F0977CC0AAE4}.Debug|x64.ActiveCfg = Debug|Any CPU
		{A914117A-6F17-453A-A4F0-F0977CC0AAE4}.Debug|x64.Build.0 = Debug|Any CPU
		{A914117A-6F17-453A-A4F0-F0977CC0AAE4}.Debug|x86.ActiveCfg = Debug|Any CPU
		{A914117A-6F17-453A-A4F0-F0977CC0AAE4}.Debug|x86.Build.0 = Debug|Any CPU
		{A914117A-6F17-453A-A4F0-F0977CC0AAE4}.Release|Any CPU.ActiveCfg = Release|Any CPU
		{A914117A-6F17-453A-A4F0-F0977CC0AAE4}.Release|Any CPU.Build.0 = Release|Any CPU
		{A914117A-6F17-453A-A4F0-F0977CC0AAE4}.Release|x64.ActiveCfg = Release|Any CPU
		{A914117A-6F17-453A-A4F0-F0977CC0AAE4}.Release|x64.Build.0 = Release|Any CPU
		{A914117A-6F17-453A-A4F0-F0977CC0AAE4}.Release|x86.ActiveCfg = Release|Any CPU
		{A914117A-6F17-453A-A4F0-F0977CC0AAE4}.Release|x86.Build.0 = Release|Any CPU
		{203B933F-29C8-49B2-B742-A942EF50C185}.Debug|Any CPU.ActiveCfg = Debug|Any CPU
		{203B933F-29C8-49B2-B742-A942EF50C185}.Debug|Any CPU.Build.0 = Debug|Any CPU
		{203B933F-29C8-49B2-B742-A942EF50C185}.Debug|x64.ActiveCfg = Debug|Any CPU
		{203B933F-29C8-49B2-B742-A942EF50C185}.Debug|x64.Build.0 = Debug|Any CPU
		{203B933F-29C8-49B2-B742-A942EF50C185}.Debug|x86.ActiveCfg = Debug|Any CPU
		{203B933F-29C8-49B2-B742-A942EF50C185}.Debug|x86.Build.0 = Debug|Any CPU
		{203B933F-29C8-49B2-B742-A942EF50C185}.Release|Any CPU.ActiveCfg = Release|Any CPU
		{203B933F-29C8-49B2-B742-A942EF50C185}.Release|Any CPU.Build.0 = Release|Any CPU
		{203B933F-29C8-49B2-B742-A942EF50C185}.Release|x64.ActiveCfg = Release|Any CPU
		{203B933F-29C8-49B2-B742-A942EF50C185}.Release|x64.Build.0 = Release|Any CPU
		{203B933F-29C8-49B2-B742-A942EF50C185}.Release|x86.ActiveCfg = Release|Any CPU
		{203B933F-29C8-49B2-B742-A942EF50C185}.Release|x86.Build.0 = Release|Any CPU
		{F797CDD4-868B-4AD2-9E4D-561603DAAA2D}.Debug|Any CPU.ActiveCfg = Debug|Any CPU
		{F797CDD4-868B-4AD2-9E4D-561603DAAA2D}.Debug|Any CPU.Build.0 = Debug|Any CPU
		{F797CDD4-868B-4AD2-9E4D-561603DAAA2D}.Debug|x64.ActiveCfg = Debug|Any CPU
		{F797CDD4-868B-4AD2-9E4D-561603DAAA2D}.Debug|x64.Build.0 = Debug|Any CPU
		{F797CDD4-868B-4AD2-9E4D-561603DAAA2D}.Debug|x86.ActiveCfg = Debug|Any CPU
		{F797CDD4-868B-4AD2-9E4D-561603DAAA2D}.Debug|x86.Build.0 = Debug|Any CPU
		{F797CDD4-868B-4AD2-9E4D-561603DAAA2D}.Release|Any CPU.ActiveCfg = Release|Any CPU
		{F797CDD4-868B-4AD2-9E4D-561603DAAA2D}.Release|Any CPU.Build.0 = Release|Any CPU
		{F797CDD4-868B-4AD2-9E4D-561603DAAA2D}.Release|x64.ActiveCfg = Release|Any CPU
		{F797CDD4-868B-4AD2-9E4D-561603DAAA2D}.Release|x64.Build.0 = Release|Any CPU
		{F797CDD4-868B-4AD2-9E4D-561603DAAA2D}.Release|x86.ActiveCfg = Release|Any CPU
		{F797CDD4-868B-4AD2-9E4D-561603DAAA2D}.Release|x86.Build.0 = Release|Any CPU
		{1F4C5FD6-443A-4512-B534-45054BD438C9}.Debug|Any CPU.ActiveCfg = Debug|Any CPU
		{1F4C5FD6-443A-4512-B534-45054BD438C9}.Debug|Any CPU.Build.0 = Debug|Any CPU
		{1F4C5FD6-443A-4512-B534-45054BD438C9}.Debug|x64.ActiveCfg = Debug|Any CPU
		{1F4C5FD6-443A-4512-B534-45054BD438C9}.Debug|x64.Build.0 = Debug|Any CPU
		{1F4C5FD6-443A-4512-B534-45054BD438C9}.Debug|x86.ActiveCfg = Debug|Any CPU
		{1F4C5FD6-443A-4512-B534-45054BD438C9}.Debug|x86.Build.0 = Debug|Any CPU
		{1F4C5FD6-443A-4512-B534-45054BD438C9}.Release|Any CPU.ActiveCfg = Release|Any CPU
		{1F4C5FD6-443A-4512-B534-45054BD438C9}.Release|Any CPU.Build.0 = Release|Any CPU
		{1F4C5FD6-443A-4512-B534-45054BD438C9}.Release|x64.ActiveCfg = Release|Any CPU
		{1F4C5FD6-443A-4512-B534-45054BD438C9}.Release|x64.Build.0 = Release|Any CPU
		{1F4C5FD6-443A-4512-B534-45054BD438C9}.Release|x86.ActiveCfg = Release|Any CPU
		{1F4C5FD6-443A-4512-B534-45054BD438C9}.Release|x86.Build.0 = Release|Any CPU
		{A8DF1B03-6504-4603-ACD4-AC49242E912A}.Debug|Any CPU.ActiveCfg = Debug|Any CPU
		{A8DF1B03-6504-4603-ACD4-AC49242E912A}.Debug|Any CPU.Build.0 = Debug|Any CPU
		{A8DF1B03-6504-4603-ACD4-AC49242E912A}.Debug|x64.ActiveCfg = Debug|Any CPU
		{A8DF1B03-6504-4603-ACD4-AC49242E912A}.Debug|x64.Build.0 = Debug|Any CPU
		{A8DF1B03-6504-4603-ACD4-AC49242E912A}.Debug|x86.ActiveCfg = Debug|Any CPU
		{A8DF1B03-6504-4603-ACD4-AC49242E912A}.Debug|x86.Build.0 = Debug|Any CPU
		{A8DF1B03-6504-4603-ACD4-AC49242E912A}.Release|Any CPU.ActiveCfg = Release|Any CPU
		{A8DF1B03-6504-4603-ACD4-AC49242E912A}.Release|Any CPU.Build.0 = Release|Any CPU
		{A8DF1B03-6504-4603-ACD4-AC49242E912A}.Release|x64.ActiveCfg = Release|Any CPU
		{A8DF1B03-6504-4603-ACD4-AC49242E912A}.Release|x64.Build.0 = Release|Any CPU
		{A8DF1B03-6504-4603-ACD4-AC49242E912A}.Release|x86.ActiveCfg = Release|Any CPU
		{A8DF1B03-6504-4603-ACD4-AC49242E912A}.Release|x86.Build.0 = Release|Any CPU
	EndGlobalSection
	GlobalSection(SolutionProperties) = preSolution
		HideSolutionNode = FALSE
	EndGlobalSection
	GlobalSection(NestedProjects) = preSolution
		{5F663781-57F8-5D84-A6C3-6853A074C035} = {3EFB08DA-2EA9-FE77-18DF-C4D4293AFD9C}
		{1BD2EE18-9CF9-9E4C-6771-63570A289538} = {5F663781-57F8-5D84-A6C3-6853A074C035}
		{BD5AC949-8BFC-463A-B246-6D4CB1D15B55} = {1BD2EE18-9CF9-9E4C-6771-63570A289538}
		{15DF7C57-54A4-4A45-B3AF-63DF6FB74D65} = {827E0CD3-B72D-47B6-A68D-7590B98EB39B}
		{2ED1EA86-C4FC-4179-B36C-5831CC67A090} = {827E0CD3-B72D-47B6-A68D-7590B98EB39B}
		{22DB6ACB-D51C-4729-8E22-95E301115927} = {827E0CD3-B72D-47B6-A68D-7590B98EB39B}
		{A914117A-6F17-453A-A4F0-F0977CC0AAE4} = {827E0CD3-B72D-47B6-A68D-7590B98EB39B}
		{203B933F-29C8-49B2-B742-A942EF50C185} = {827E0CD3-B72D-47B6-A68D-7590B98EB39B}
		{F797CDD4-868B-4AD2-9E4D-561603DAAA2D} = {5D20AA90-6969-D8BD-9DCD-8634F4692FDA}
		{1F4C5FD6-443A-4512-B534-45054BD438C9} = {5D20AA90-6969-D8BD-9DCD-8634F4692FDA}
		{A8DF1B03-6504-4603-ACD4-AC49242E912A} = {0AB3BF05-4346-4AA6-1389-037BE0695223}
	EndGlobalSection
EndGlobal
